
Microsoft Visual Studio Solution File, Format Version 12.00
# Visual Studio 2013
VisualStudioVersion = 12.0.21005.1
MinimumVisualStudioVersion = 10.0.40219.1
Project("{FAE04EC0-301F-11D3-BF4B-00C04F79EFBC}") = "ExcelConverter", "ExcelConverter\ExcelConverter.csproj", "{24D8F04F-5F97-4AB2-A567-0A66D0FA36C3}"
EndProject
Project("{FAE04EC0-301F-11D3-BF4B-00C04F79EFBC}") = "ExcelDemo", "ExcelDemo\ExcelDemo.csproj", "{7459F0A9-F7CD-4F82-B4A1-2FE938136564}"
EndProject
Global
	GlobalSection(SolutionConfigurationPlatforms) = preSolution
		Debug|Any CPU = Debug|Any CPU
		Release|Any CPU = Release|Any CPU
	EndGlobalSection
	GlobalSection(ProjectConfigurationPlatforms) = postSolution
		{24D8F04F-5F97-4AB2-A567-0A66D0FA36C3}.Debug|Any CPU.ActiveCfg = Debug|Any CPU
		{24D8F04F-5F97-4AB2-A567-0A66D0FA36C3}.Debug|Any CPU.Build.0 = Debug|Any CPU
		{24D8F04F-5F97-4AB2-A567-0A66D0FA36C3}.Release|Any CPU.ActiveCfg = Release|Any CPU
		{24D8F04F-5F97-4AB2-A567-0A66D0FA36C3}.Release|Any CPU.Build.0 = Release|Any CPU
		{7459F0A9-F7CD-4F82-B4A1-2FE938136564}.Debug|Any CPU.ActiveCfg = Debug|Any CPU
		{7459F0A9-F7CD-4F82-B4A1-2FE938136564}.Debug|Any CPU.Build.0 = Debug|Any CPU
		{7459F0A9-F7CD-4F82-B4A1-2FE938136564}.Release|Any CPU.ActiveCfg = Release|Any CPU
		{7459F0A9-F7CD-4F82-B4A1-2FE938136564}.Release|Any CPU.Build.0 = Release|Any CPU
	EndGlobalSection
	GlobalSection(SolutionProperties) = preSolution
		HideSolutionNode = FALSE
	EndGlobalSection
EndGlobal
